
Microsoft Visual Studio Solution File, Format Version 12.00
# Visual Studio Version 17
VisualStudioVersion = 17.1.32319.34
MinimumVisualStudioVersion = 10.0.40219.1
Project("{FAE04EC0-301F-11D3-BF4B-00C04F79EFBC}") = "GuessTheFlag", "GuessTheFlag\GuessTheFlag.csproj", "{00FFC551-E828-456E-9E6A-5AC73C3EE1AF}"
EndProject
Global
	GlobalSection(SolutionConfigurationPlatforms) = preSolution
		Debug|Any CPU = Debug|Any CPU
		Release|Any CPU = Release|Any CPU
	EndGlobalSection
	GlobalSection(ProjectConfigurationPlatforms) = postSolution
		{00FFC551-E828-456E-9E6A-5AC73C3EE1AF}.Debug|Any CPU.ActiveCfg = Debug|Any CPU
		{00FFC551-E828-456E-9E6A-5AC73C3EE1AF}.Debug|Any CPU.Build.0 = Debug|Any CPU
		{00FFC551-E828-456E-9E6A-5AC73C3EE1AF}.Release|Any CPU.ActiveCfg = Release|Any CPU
		{00FFC551-E828-456E-9E6A-5AC73C3EE1AF}.Release|Any CPU.Build.0 = Release|Any CPU
	EndGlobalSection
	GlobalSection(SolutionProperties) = preSolution
		HideSolutionNode = FALSE
	EndGlobalSection
	GlobalSection(ExtensibilityGlobals) = postSolution
		SolutionGuid = {3FBB92F4-3DA1-45BC-9F4E-841472551EAD}
	EndGlobalSection
EndGlobal
